
Microsoft Visual Studio Solution File, Format Version 12.00
# Visual Studio Version 17
VisualStudioVersion = 17.7.34202.233
MinimumVisualStudioVersion = 10.0.40219.1
Project("{8BC9CEB8-8B4A-11D0-8D11-00A0C91BC942}") = "Wild_physics", "Wild_physics\Wild_physics.vcxproj", "{DD53F8F3-BA53-4BA2-AC9E-DF286BDAFE36}"
EndProject
Global
	GlobalSection(SolutionConfigurationPlatforms) = preSolution
		Debug|x64 = Debug|x64
		Debug|x86 = Debug|x86
		Release|x64 = Release|x64
		Release|x86 = Release|x86
	EndGlobalSection
	GlobalSection(ProjectConfigurationPlatforms) = postSolution
		{DD53F8F3-BA53-4BA2-AC9E-DF286BDAFE36}.Debug|x64.ActiveCfg = Debug|x64
		{DD53F8F3-BA53-4BA2-AC9E-DF286BDAFE36}.Debug|x64.Build.0 = Debug|x64
		{DD53F8F3-BA53-4BA2-AC9E-DF286BDAFE36}.Debug|x86.ActiveCfg = Debug|Win32
		{DD53F8F3-BA53-4BA2-AC9E-DF286BDAFE36}.Debug|x86.Build.0 = Debug|Win32
		{DD53F8F3-BA53-4BA2-AC9E-DF286BDAFE36}.Release|x64.ActiveCfg = Release|x64
		{DD53F8F3-BA53-4BA2-AC9E-DF286BDAFE36}.Release|x64.Build.0 = Release|x64
		{DD53F8F3-BA53-4BA2-AC9E-DF286BDAFE36}.Release|x86.ActiveCfg = Release|Win32
		{DD53F8F3-BA53-4BA2-AC9E-DF286BDAFE36}.Release|x86.Build.0 = Release|Win32
	EndGlobalSection
	GlobalSection(SolutionProperties) = preSolution
		HideSolutionNode = FALSE
	EndGlobalSection
	GlobalSection(ExtensibilityGlobals) = postSolution
		SolutionGuid = {E8B2129C-5A36-4097-A1ED-40A5F6CF489A}
	EndGlobalSection
EndGlobal
